
Microsoft Visual Studio Solution File, Format Version 12.00
# Visual Studio 15
VisualStudioVersion = 15.0.28307.852
MinimumVisualStudioVersion = 10.0.40219.1
Project("{FAE04EC0-301F-11D3-BF4B-00C04F79EFBC}") = "Делегаты", "Делегаты.csproj", "{3158BF87-B151-4510-8D04-A02B682D3470}"
EndProject
Global
	GlobalSection(SolutionConfigurationPlatforms) = preSolution
		Debug|Any CPU = Debug|Any CPU
		Release|Any CPU = Release|Any CPU
	EndGlobalSection
	GlobalSection(ProjectConfigurationPlatforms) = postSolution
		{3158BF87-B151-4510-8D04-A02B682D3470}.Debug|Any CPU.ActiveCfg = Debug|Any CPU
		{3158BF87-B151-4510-8D04-A02B682D3470}.Debug|Any CPU.Build.0 = Debug|Any CPU
		{3158BF87-B151-4510-8D04-A02B682D3470}.Release|Any CPU.ActiveCfg = Release|Any CPU
		{3158BF87-B151-4510-8D04-A02B682D3470}.Release|Any CPU.Build.0 = Release|Any CPU
	EndGlobalSection
	GlobalSection(SolutionProperties) = preSolution
		HideSolutionNode = FALSE
	EndGlobalSection
	GlobalSection(ExtensibilityGlobals) = postSolution
		SolutionGuid = {9E280227-CFB7-415D-9E53-5DDE9641CAF3}
	EndGlobalSection
EndGlobal
