
Microsoft Visual Studio Solution File, Format Version 12.00
# Visual Studio 15
VisualStudioVersion = 15.0.28307.852
MinimumVisualStudioVersion = 10.0.40219.1
Project("{FAE04EC0-301F-11D3-BF4B-00C04F79EFBC}") = "laba12", "laba12\laba12.csproj", "{DD760FC0-FFB0-4EA3-8599-A867A7BC879E}"
EndProject
Global
	GlobalSection(SolutionConfigurationPlatforms) = preSolution
		Debug|Any CPU = Debug|Any CPU
		Release|Any CPU = Release|Any CPU
	EndGlobalSection
	GlobalSection(ProjectConfigurationPlatforms) = postSolution
		{DD760FC0-FFB0-4EA3-8599-A867A7BC879E}.Debug|Any CPU.ActiveCfg = Debug|Any CPU
		{DD760FC0-FFB0-4EA3-8599-A867A7BC879E}.Debug|Any CPU.Build.0 = Debug|Any CPU
		{DD760FC0-FFB0-4EA3-8599-A867A7BC879E}.Release|Any CPU.ActiveCfg = Release|Any CPU
		{DD760FC0-FFB0-4EA3-8599-A867A7BC879E}.Release|Any CPU.Build.0 = Release|Any CPU
	EndGlobalSection
	GlobalSection(SolutionProperties) = preSolution
		HideSolutionNode = FALSE
	EndGlobalSection
	GlobalSection(ExtensibilityGlobals) = postSolution
		SolutionGuid = {2A82672C-B87B-4E3E-8FE4-8D6F31838501}
	EndGlobalSection
EndGlobal
