
Microsoft Visual Studio Solution File, Format Version 12.00
# Visual Studio 15
VisualStudioVersion = 15.0.28307.852
MinimumVisualStudioVersion = 10.0.40219.1
Project("{FAE04EC0-301F-11D3-BF4B-00C04F79EFBC}") = "laba9-2", "laba9-2\laba9-2.csproj", "{7880AB6E-AB6B-4848-8549-C22655F5918C}"
EndProject
Global
	GlobalSection(SolutionConfigurationPlatforms) = preSolution
		Debug|Any CPU = Debug|Any CPU
		Release|Any CPU = Release|Any CPU
	EndGlobalSection
	GlobalSection(ProjectConfigurationPlatforms) = postSolution
		{7880AB6E-AB6B-4848-8549-C22655F5918C}.Debug|Any CPU.ActiveCfg = Debug|Any CPU
		{7880AB6E-AB6B-4848-8549-C22655F5918C}.Debug|Any CPU.Build.0 = Debug|Any CPU
		{7880AB6E-AB6B-4848-8549-C22655F5918C}.Release|Any CPU.ActiveCfg = Release|Any CPU
		{7880AB6E-AB6B-4848-8549-C22655F5918C}.Release|Any CPU.Build.0 = Release|Any CPU
	EndGlobalSection
	GlobalSection(SolutionProperties) = preSolution
		HideSolutionNode = FALSE
	EndGlobalSection
	GlobalSection(ExtensibilityGlobals) = postSolution
		SolutionGuid = {91E7CE04-4CCA-4A48-AC36-826FEDC13444}
	EndGlobalSection
EndGlobal
